
Microsoft Visual Studio Solution File, Format Version 12.00
# Visual Studio Version 17
VisualStudioVersion = 17.11.35312.102
MinimumVisualStudioVersion = 10.0.40219.1
Project("{9A19103F-16F7-4668-BE54-9A1E7A4F7556}") = "FilterForDeliveryService", "FilterForDeliveryService\FilterForDeliveryService.csproj", "{7E55151A-24BA-4FD3-AB08-734DB45B8A03}"
EndProject
Project("{FAE04EC0-301F-11D3-BF4B-00C04F79EFBC}") = "FilterForDeliveryServiceTests", "FilterForDeliveryServiceTests\FilterForDeliveryServiceTests.csproj", "{2676F342-FBB4-4031-B039-86D0861497F7}"
EndProject
Global
	GlobalSection(SolutionConfigurationPlatforms) = preSolution
		Debug|Any CPU = Debug|Any CPU
		Release|Any CPU = Release|Any CPU
	EndGlobalSection
	GlobalSection(ProjectConfigurationPlatforms) = postSolution
		{7E55151A-24BA-4FD3-AB08-734DB45B8A03}.Debug|Any CPU.ActiveCfg = Debug|Any CPU
		{7E55151A-24BA-4FD3-AB08-734DB45B8A03}.Debug|Any CPU.Build.0 = Debug|Any CPU
		{7E55151A-24BA-4FD3-AB08-734DB45B8A03}.Release|Any CPU.ActiveCfg = Release|Any CPU
		{7E55151A-24BA-4FD3-AB08-734DB45B8A03}.Release|Any CPU.Build.0 = Release|Any CPU
		{2676F342-FBB4-4031-B039-86D0861497F7}.Debug|Any CPU.ActiveCfg = Debug|Any CPU
		{2676F342-FBB4-4031-B039-86D0861497F7}.Debug|Any CPU.Build.0 = Debug|Any CPU
		{2676F342-FBB4-4031-B039-86D0861497F7}.Release|Any CPU.ActiveCfg = Release|Any CPU
		{2676F342-FBB4-4031-B039-86D0861497F7}.Release|Any CPU.Build.0 = Release|Any CPU
	EndGlobalSection
	GlobalSection(SolutionProperties) = preSolution
		HideSolutionNode = FALSE
	EndGlobalSection
	GlobalSection(ExtensibilityGlobals) = postSolution
		SolutionGuid = {2C0E8593-48E0-4B3D-B0F5-0C307CF51E37}
	EndGlobalSection
EndGlobal
